
Microsoft Visual Studio Solution File, Format Version 12.00
# Visual Studio Version 16
VisualStudioVersion = 16.0.29519.181
MinimumVisualStudioVersion = 10.0.40219.1
Project("{FAE04EC0-301F-11D3-BF4B-00C04F79EFBC}") = "DemoApp", "DemoApp\DemoApp.csproj", "{1E716D4A-83D9-462B-92F6-BFD7EFB67537}"
EndProject
Global
	GlobalSection(SolutionConfigurationPlatforms) = preSolution
		Debug|Any CPU = Debug|Any CPU
		Release|Any CPU = Release|Any CPU
	EndGlobalSection
	GlobalSection(ProjectConfigurationPlatforms) = postSolution
		{1E716D4A-83D9-462B-92F6-BFD7EFB67537}.Debug|Any CPU.ActiveCfg = Debug|Any CPU
		{1E716D4A-83D9-462B-92F6-BFD7EFB67537}.Debug|Any CPU.Build.0 = Debug|Any CPU
		{1E716D4A-83D9-462B-92F6-BFD7EFB67537}.Release|Any CPU.ActiveCfg = Release|Any CPU
		{1E716D4A-83D9-462B-92F6-BFD7EFB67537}.Release|Any CPU.Build.0 = Release|Any CPU
	EndGlobalSection
	GlobalSection(SolutionProperties) = preSolution
		HideSolutionNode = FALSE
	EndGlobalSection
	GlobalSection(ExtensibilityGlobals) = postSolution
		SolutionGuid = {376A5C53-03ED-4D7B-8469-DAD5823E39E3}
	EndGlobalSection
EndGlobal
